{
  "version": "4",
  "specifiers": {
    "jsr:@std/cli@^1.0.9": "1.0.10",
    "jsr:@std/path@^1.0.8": "1.0.8",
    "npm:@types/node@*": "22.12.0",
    "npm:preact-render-to-string@^6.5.13": "6.5.13_preact@10.26.4",
    "npm:preact@^10.26.4": "10.26.4"
  },
  "jsr": {
    "@std/cli@1.0.10": {
      "integrity": "d047f6f4954a5c2827fe0963765ddd3d8b6cc7b7518682842645b95f571539dc"
    },
    "@std/path@1.0.8": {
      "integrity": "548fa456bb6a04d3c1a1e7477986b6cffbce95102d0bb447c67c4ee70e0364be"
    }
  },
  "npm": {
    "@types/node@22.12.0": {
      "integrity": "sha512-Fll2FZ1riMjNmlmJOdAyY5pUbkftXslB5DgEzlIuNaiWhXd00FhWxVC/r4yV/4wBb9JfImTu+jiSvXTkJ7F/gA==",
      "dependencies": [
        "undici-types"
      ]
    },
    "preact-render-to-string@6.5.13_preact@10.26.4": {
      "integrity": "sha512-iGPd+hKPMFKsfpR2vL4kJ6ZPcFIoWZEcBf0Dpm3zOpdVvj77aY8RlLiQji5OMrngEyaxGogeakTb54uS2FvA6w==",
      "dependencies": [
        "preact"
      ]
    },
    "preact@10.26.4": {
      "integrity": "sha512-KJhO7LBFTjP71d83trW+Ilnjbo+ySsaAgCfXOXUlmGzJ4ygYPWmysm77yg4emwfmoz3b22yvH5IsVFHbhUaH5w=="
    },
    "undici-types@6.20.0": {
      "integrity": "sha512-Ny6QZ2Nju20vw1SRHe3d9jVu6gJ+4e3+MMpqu7pqE5HT6WsTSlce++GQmK5UXS8mzV8DSYHrQH+Xrf2jVcuKNg=="
    }
  },
  "remote": {
    "https://deno.land/x/denoflate@1.2.1/mod.ts": "f5628e44b80b3d80ed525afa2ba0f12408e3849db817d47a883b801f9ce69dd6",
    "https://deno.land/x/denoflate@1.2.1/pkg/denoflate.js": "b9f9ad9457d3f12f28b1fb35c555f57443427f74decb403113d67364e4f2caf4",
    "https://deno.land/x/denoflate@1.2.1/pkg/denoflate_bg.wasm.js": "d581956245407a2115a3d7e8d85a9641c032940a8e810acbd59ca86afd34d44d",
    "https://deno.land/x/esbuild@v0.25.0/mod.js": "0a1cbaa89f99043e836de256455f609583bb626482396c74f4eabf7df07529bc",
    "https://esm.sh/preact@10.25.4/hooks": "5b1c3190c15bb6a2313aff7199daac2676cb5a5bc454f0e32b7e739808ce9c2e",
    "https://esm.sh/preact@10.25.4/jsx-runtime": "94c740239c351533381ccd348604cb3656561ae7ee3cf3ea2ef6d232a69a2099",
    "https://esm.sh/preact@10.26.4": "4f15cf11ed0552fc5035de57c6ae079babb878873cc703790099c3105e443881",
    "https://esm.sh/preact@10.26.4/denonext/hooks.mjs": "190e01f0f3941e6aaa141c77f1a3c603483cc53ef6b5a13711f6af8fefd2def8",
    "https://esm.sh/preact@10.26.4/denonext/jsx-runtime.mjs": "310fbc4a3f5b511ac12cc2bcc09a07501aab551495d96c4ab69e7a809e03265f",
    "https://esm.sh/preact@10.26.4/denonext/preact.mjs": "c8d401d841029111be42eb71302f20ce42997a73722d22442771648f985b5d11",
    "https://esm.sh/preact@10.26.4/hooks": "5266341dc71c46d60d6ef5372964e07a2ffb16e23dbb729fdab2ce6cc9f25694",
    "https://esm.sh/preact@10.26.4/jsx-runtime": "807e1b3ac46b2fb1446bc84a2a9bd5fd1f214f5e8138a0de486f847f62bd62e0",
    "https://esm.sh/stable/preact@10.25.4/denonext/hooks.js": "2615ebd0dc85fffdffb785006a08341e748129f8332b9b75f887e1498bee5e1b",
    "https://esm.sh/stable/preact@10.25.4/denonext/jsx-runtime.js": "60f31aedbe015b101d3ea951d5c8c9c9b5912426a11a33d57c8c5278fcd11d00",
    "https://esm.sh/stable/preact@10.25.4/denonext/preact.mjs": "6b83349948fd5dddc7464dc6bd9a237d4bc602973dcb4fac93e80b9154441d6b"
  },
  "workspace": {
    "dependencies": [
      "jsr:@std/cli@^1.0.9",
      "jsr:@std/path@^1.0.8",
      "npm:preact-render-to-string@^6.5.13",
      "npm:preact@^10.26.4"
    ]
  }
}
